
Microsoft Visual Studio Solution File, Format Version 12.00
# Visual Studio Version 17
VisualStudioVersion = 17.13.35828.75
MinimumVisualStudioVersion = 10.0.40219.1
Project("{FAE04EC0-301F-11D3-BF4B-00C04F79EFBC}") = "SimpleTextConsoleApp", "SimpleTextConsoleApp\SimpleTextConsoleApp.csproj", "{F493E16C-819F-43CB-8410-1FDBF6AEA492}"
EndProject
Project("{FAE04EC0-301F-11D3-BF4B-00C04F79EFBC}") = "SimpleTextLibrary", "SimpleTextLibrary\SimpleTextLibrary.csproj", "{DD62625C-2E5C-41EF-9864-2EF97796A64A}"
EndProject
Global
	GlobalSection(SolutionConfigurationPlatforms) = preSolution
		Debug|Any CPU = Debug|Any CPU
		Release|Any CPU = Release|Any CPU
	EndGlobalSection
	GlobalSection(ProjectConfigurationPlatforms) = postSolution
		{F493E16C-819F-43CB-8410-1FDBF6AEA492}.Debug|Any CPU.ActiveCfg = Debug|Any CPU
		{F493E16C-819F-43CB-8410-1FDBF6AEA492}.Debug|Any CPU.Build.0 = Debug|Any CPU
		{F493E16C-819F-43CB-8410-1FDBF6AEA492}.Release|Any CPU.ActiveCfg = Release|Any CPU
		{F493E16C-819F-43CB-8410-1FDBF6AEA492}.Release|Any CPU.Build.0 = Release|Any CPU
		{DD62625C-2E5C-41EF-9864-2EF97796A64A}.Debug|Any CPU.ActiveCfg = Debug|Any CPU
		{DD62625C-2E5C-41EF-9864-2EF97796A64A}.Debug|Any CPU.Build.0 = Debug|Any CPU
		{DD62625C-2E5C-41EF-9864-2EF97796A64A}.Release|Any CPU.ActiveCfg = Release|Any CPU
		{DD62625C-2E5C-41EF-9864-2EF97796A64A}.Release|Any CPU.Build.0 = Release|Any CPU
	EndGlobalSection
	GlobalSection(SolutionProperties) = preSolution
		HideSolutionNode = FALSE
	EndGlobalSection
	GlobalSection(ExtensibilityGlobals) = postSolution
		SolutionGuid = {7F2AA9A1-FDD5-4770-9F9D-95ECF5057F2A}
	EndGlobalSection
EndGlobal
